PODS:
  - Alamofire (4.7.3)
  - BRLOptionParser (0.3.1)
  - GCDWebServer (3.5.4):
    - GCDWebServer/Core (= 3.5.4)
  - GCDWebServer/Core (3.5.4)
  - MASShortcut (2.4.0)
  - RxCocoa (4.1.2):
    - RxSwift (~> 4.0)
  - RxSwift (4.1.2)

DEPENDENCIES:
  - Alamofire (~> 4.7.2)
  - BRLOptionParser (~> 0.3.1)
  - GCDWebServer (~> 3.0)
  - MASShortcut (~> 2)
  - RxCocoa (~> 4.1.2)
  - RxSwift (~> 4.1.2)

SPEC REPOS:
  trunk:
    - Alamofire
    - BRLOptionParser
    - GCDWebServer
    - MASShortcut
    - RxCocoa
    - RxSwift

SPEC CHECKSUMS:
  Alamofire: c7287b6e5d7da964a70935e5db17046b7fde6568
  BRLOptionParser: a03256a8ff003ca1f5376c55f55f210e085a3958
  GCDWebServer: 2c156a56c8226e2d5c0c3f208a3621ccffbe3ce4
  MASShortcut: d9e4909e878661cc42877cc9d6efbe638273ab57
  RxCocoa: d88ba0f1f6abf040011a9eb4b539324fc426843a
  RxSwift: e49536837d9901277638493ea537394d4b55f570

PODFILE CHECKSUM: 48c0696a5020ffd7c38c3bb362f90e17d7117a6e

COCOAPODS: 1.14.2
